PODS:
  - Applanga (2.0.65)
  - applanga_flutter (0.0.12):
    - Applanga
    - Flutter
  - Flutter (1.0.0)

DEPENDENCIES:
  - Applanga (from `/Users/richard/Documents/ApplangaSDK/sdk/ios/applanga`)
  - applanga_flutter (from `.symlinks/plugins/applanga_flutter/ios`)
  - Flutter (from `Flutter`)

EXTERNAL SOURCES:
  Applanga:
    :path: "/Users/richard/Documents/ApplangaSDK/sdk/ios/applanga"
  applanga_flutter:
    :path: ".symlinks/plugins/applanga_flutter/ios"
  Flutter:
    :path: Flutter

SPEC CHECKSUMS:
  Applanga: aec546c9c7ad92adf08ac6d809051f09c2e240fe
  applanga_flutter: a2c45b9beb8fc9818f5bae3fd6fff33aa7c4dffa
  Flutter: 0e3d915762c693b495b44d77113d4970485de6ec

PODFILE CHECKSUM: 22ee94b7230511f8e8d2182a8e8b5bf40047a42d

COCOAPODS: 1.9.0
