PODS:
  - Applanga (2.0.136)
  - applanga_flutter (0.0.7):
    - Applanga
    - Flutter
  - Flutter (1.0.0)

DEPENDENCIES:
  - applanga_flutter (from `.symlinks/plugins/applanga_flutter/ios`)
  - Flutter (from `Flutter`)

SPEC REPOS:
  trunk:
    - Applanga

EXTERNAL SOURCES:
  applanga_flutter:
    :path: ".symlinks/plugins/applanga_flutter/ios"
  Flutter:
    :path: Flutter

SPEC CHECKSUMS:
  Applanga: 57407ee5eed0c670af930091e18fea2d4bc3180a
  applanga_flutter: 732c4e81c2f94de4204e825273a257f1f12a7a6c
  Flutter: 0e3d915762c693b495b44d77113d4970485de6ec

PODFILE CHECKSUM: e36400b71a0e01f8baad3b16ad4c77260b355e37

COCOAPODS: 1.9.0
