// !$*UTF8*$!
{
	archiveVersion = 1;
	classes = {
	};
	objectVersion = 51;
	objects = {

/* Begin PBXBuildFile section */
		70AE57221999D7E1E53D78BF /* Pods_AppiumTestIos.framework in Frameworks */ = {isa = PBXBuildFile; fileRef = A8163B8465A628A6807726CD /* Pods_AppiumTestIos.framework */; };
		790E4A0925076F2F00F51606 /* applanga_settings.applanga in Resources */ = {isa = PBXBuildFile; fileRef = 790E4A0825076F2F00F51606 /* applanga_settings.applanga */; };
		79475C1A24EFB84D008D5AAD /* AppDelegate.swift in Sources */ = {isa = PBXBuildFile; fileRef = 79475C1924EFB84D008D5AAD /* AppDelegate.swift */; };
		79475C1C24EFB84D008D5AAD /* SceneDelegate.swift in Sources */ = {isa = PBXBuildFile; fileRef = 79475C1B24EFB84D008D5AAD /* SceneDelegate.swift */; };
		79475C1E24EFB84D008D5AAD /* ViewController.swift in Sources */ = {isa = PBXBuildFile; fileRef = 79475C1D24EFB84D008D5AAD /* ViewController.swift */; };
		79475C2124EFB84D008D5AAD /* Main.storyboard in Resources */ = {isa = PBXBuildFile; fileRef = 79475C1F24EFB84D008D5AAD /* Main.storyboard */; };
		79475C2324EFB84F008D5AAD /* Assets.xcassets in Resources */ = {isa = PBXBuildFile; fileRef = 79475C2224EFB84F008D5AAD /* Assets.xcassets */; };
		79475C2624EFB84F008D5AAD /* LaunchScreen.storyboard in Resources */ = {isa = PBXBuildFile; fileRef = 79475C2424EFB84F008D5AAD /* LaunchScreen.storyboard */; };
/* End PBXBuildFile section */

/* Begin PBXFileReference section */
		09800FB0348E37C729C201DE /* Pods-AppiumTestIos.release.xcconfig */ = {isa = PBXFileReference; includeInIndex = 1; lastKnownFileType = text.xcconfig; name = "Pods-AppiumTestIos.release.xcconfig"; path = "Target Support Files/Pods-AppiumTestIos/Pods-AppiumTestIos.release.xcconfig"; sourceTree = "<group>"; };
		790E4A0825076F2F00F51606 /* applanga_settings.applanga */ = {isa = PBXFileReference; lastKnownFileType = file; path = applanga_settings.applanga; sourceTree = "<group>"; };
		79475C1624EFB84D008D5AAD /* AppiumTestIos.app */ = {isa = PBXFileReference; explicitFileType = wrapper.application; includeInIndex = 0; path = AppiumTestIos.app; sourceTree = BUILT_PRODUCTS_DIR; };
		79475C1924EFB84D008D5AAD /* AppDelegate.swift */ = {isa = PBXFileReference; lastKnownFileType = sourcecode.swift; path = AppDelegate.swift; sourceTree = "<group>"; };
		79475C1B24EFB84D008D5AAD /* SceneDelegate.swift */ = {isa = PBXFileReference; lastKnownFileType = sourcecode.swift; path = SceneDelegate.swift; sourceTree = "<group>"; };
		79475C1D24EFB84D008D5AAD /* ViewController.swift */ = {isa = PBXFileReference; lastKnownFileType = sourcecode.swift; path = ViewController.swift; sourceTree = "<group>"; };
		79475C2024EFB84D008D5AAD /* Base */ = {isa = PBXFileReference; lastKnownFileType = file.storyboard; name = Base; path = Base.lproj/Main.storyboard; sourceTree = "<group>"; };
		79475C2224EFB84F008D5AAD /* Assets.xcassets */ = {isa = PBXFileReference; lastKnownFileType = folder.assetcatalog; path = Assets.xcassets; sourceTree = "<group>"; };
		79475C2524EFB84F008D5AAD /* Base */ = {isa = PBXFileReference; lastKnownFileType = file.storyboard; name = Base; path = Base.lproj/LaunchScreen.storyboard; sourceTree = "<group>"; };
		79475C2724EFB84F008D5AAD /* Info.plist */ = {isa = PBXFileReference; lastKnownFileType = text.plist.xml; path = Info.plist; sourceTree = "<group>"; };
		A8163B8465A628A6807726CD /* Pods_AppiumTestIos.framework */ = {isa = PBXFileReference; explicitFileType = wrapper.framework; includeInIndex = 0; path = Pods_AppiumTestIos.framework; sourceTree = BUILT_PRODUCTS_DIR; };
		AA8079116FF4007F3D4BFE13 /* Pods-AppiumTestIos.debug.xcconfig */ = {isa = PBXFileReference; includeInIndex = 1; lastKnownFileType = text.xcconfig; name = "Pods-AppiumTestIos.debug.xcconfig"; path = "Target Support Files/Pods-AppiumTestIos/Pods-AppiumTestIos.debug.xcconfig"; sourceTree = "<group>"; };
/* End PBXFileReference section */

/* Begin PBXFrameworksBuildPhase section */
		79475C1324EFB84D008D5AAD /* Frameworks */ = {
			isa = PBXFrameworksBuildPhase;
			buildActionMask = 2147483647;
			files = (
				70AE57221999D7E1E53D78BF /* Pods_AppiumTestIos.framework in Frameworks */,
			);
			runOnlyForDeploymentPostprocessing = 0;
		};
/* End PBXFrameworksBuildPhase section */

/* Begin PBXGroup section */
		79475C0D24EFB84D008D5AAD = {
			isa = PBXGroup;
			children = (
				79475C1824EFB84D008D5AAD /* AppiumTestIos */,
				79475C1724EFB84D008D5AAD /* Products */,
				8615E7F3EDDB46FF3333F064 /* Pods */,
				87B580A0F4D5D2D521F4BB74 /* Frameworks */,
			);
			sourceTree = "<group>";
		};
		79475C1724EFB84D008D5AAD /* Products */ = {
			isa = PBXGroup;
			children = (
				79475C1624EFB84D008D5AAD /* AppiumTestIos.app */,
			);
			name = Products;
			sourceTree = "<group>";
		};
		79475C1824EFB84D008D5AAD /* AppiumTestIos */ = {
			isa = PBXGroup;
			children = (
				790E4A0825076F2F00F51606 /* applanga_settings.applanga */,
				79475C1924EFB84D008D5AAD /* AppDelegate.swift */,
				79475C1B24EFB84D008D5AAD /* SceneDelegate.swift */,
				79475C1D24EFB84D008D5AAD /* ViewController.swift */,
				79475C1F24EFB84D008D5AAD /* Main.storyboard */,
				79475C2224EFB84F008D5AAD /* Assets.xcassets */,
				79475C2424EFB84F008D5AAD /* LaunchScreen.storyboard */,
				79475C2724EFB84F008D5AAD /* Info.plist */,
			);
			path = AppiumTestIos;
			sourceTree = "<group>";
		};
		8615E7F3EDDB46FF3333F064 /* Pods */ = {
			isa = PBXGroup;
			children = (
				AA8079116FF4007F3D4BFE13 /* Pods-AppiumTestIos.debug.xcconfig */,
				09800FB0348E37C729C201DE /* Pods-AppiumTestIos.release.xcconfig */,
			);
			path = Pods;
			sourceTree = "<group>";
		};
		87B580A0F4D5D2D521F4BB74 /* Frameworks */ = {
			isa = PBXGroup;
			children = (
				A8163B8465A628A6807726CD /* Pods_AppiumTestIos.framework */,
			);
			name = Frameworks;
			sourceTree = "<group>";
		};
/* End PBXGroup section */

/* Begin PBXNativeTarget section */
		79475C1524EFB84D008D5AAD /* AppiumTestIos */ = {
			isa = PBXNativeTarget;
			buildConfigurationList = 79475C2A24EFB84F008D5AAD /* Build configuration list for PBXNativeTarget "AppiumTestIos" */;
			buildPhases = (
				4E28668A6F83B8F199AAB3EA /* [CP] Check Pods Manifest.lock */,
				79475C1224EFB84D008D5AAD /* Sources */,
				79475C1324EFB84D008D5AAD /* Frameworks */,
				79475C1424EFB84D008D5AAD /* Resources */,
				AEE6B24A87A9A8E25CCDDEA4 /* [CP] Embed Pods Frameworks */,
			);
			buildRules = (
			);
			dependencies = (
			);
			name = AppiumTestIos;
			productName = AppiumTestIos;
			productReference = 79475C1624EFB84D008D5AAD /* AppiumTestIos.app */;
			productType = "com.apple.product-type.application";
		};
/* End PBXNativeTarget section */

/* Begin PBXProject section */
		79475C0E24EFB84D008D5AAD /* Project object */ = {
			isa = PBXProject;
			attributes = {
				LastSwiftUpdateCheck = 1160;
				LastUpgradeCheck = 1160;
				ORGANIZATIONNAME = "Richard Elms";
				TargetAttributes = {
					79475C1524EFB84D008D5AAD = {
						CreatedOnToolsVersion = 11.6;
					};
				};
			};
			buildConfigurationList = 79475C1124EFB84D008D5AAD /* Build configuration list for PBXProject "AppiumTestIos" */;
			compatibilityVersion = "Xcode 9.3";
			developmentRegion = en;
			hasScannedForEncodings = 0;
			knownRegions = (
				en,
				Base,
			);
			mainGroup = 79475C0D24EFB84D008D5AAD;
			productRefGroup = 79475C1724EFB84D008D5AAD /* Products */;
			projectDirPath = "";
			projectRoot = "";
			targets = (
				79475C1524EFB84D008D5AAD /* AppiumTestIos */,
			);
		};
/* End PBXProject section */

/* Begin PBXResourcesBuildPhase section */
		79475C1424EFB84D008D5AAD /* Resources */ = {
			isa = PBXResourcesBuildPhase;
			buildActionMask = 2147483647;
			files = (
				790E4A0925076F2F00F51606 /* applanga_settings.applanga in Resources */,
				79475C2624EFB84F008D5AAD /* LaunchScreen.storyboard in Resources */,
				79475C2324EFB84F008D5AAD /* Assets.xcassets in Resources */,
				79475C2124EFB84D008D5AAD /* Main.storyboard in Resources */,
			);
			runOnlyForDeploymentPostprocessing = 0;
		};
/* End PBXResourcesBuildPhase section */

/* Begin PBXShellScriptBuildPhase section */
		4E28668A6F83B8F199AAB3EA /* [CP] Check Pods Manifest.lock */ = {
			isa = PBXShellScriptBuildPhase;
			buildActionMask = 2147483647;
			files = (
			);
			inputFileListPaths = (
			);
			inputPaths = (
				"${PODS_PODFILE_DIR_PATH}/Podfile.lock",
				"${PODS_ROOT}/Manifest.lock",
			);
			name = "[CP] Check Pods Manifest.lock";
			outputFileListPaths = (
			);
			outputPaths = (
				"$(DERIVED_FILE_DIR)/Pods-AppiumTestIos-checkManifestLockResult.txt",
			);
			runOnlyForDeploymentPostprocessing = 0;
			shellPath = /bin/sh;
			shellScript = "diff \"${PODS_PODFILE_DIR_PATH}/Podfile.lock\" \"${PODS_ROOT}/Manifest.lock\" > /dev/null\nif [ $? != 0 ] ; then\n    # print error to STDERR\n    echo \"error: The sandbox is not in sync with the Podfile.lock. Run 'pod install' or update your CocoaPods installation.\" >&2\n    exit 1\nfi\n# This output is used by Xcode 'outputs' to avoid re-running this script phase.\necho \"SUCCESS\" > \"${SCRIPT_OUTPUT_FILE_0}\"\n";
			showEnvVarsInLog = 0;
		};
		AEE6B24A87A9A8E25CCDDEA4 /* [CP] Embed Pods Frameworks */ = {
			isa = PBXShellScriptBuildPhase;
			buildActionMask = 2147483647;
			files = (
			);
			inputFileListPaths = (
				"${PODS_ROOT}/Target Support Files/Pods-AppiumTestIos/Pods-AppiumTestIos-frameworks-${CONFIGURATION}-input-files.xcfilelist",
			);
			name = "[CP] Embed Pods Frameworks";
			outputFileListPaths = (
				"${PODS_ROOT}/Target Support Files/Pods-AppiumTestIos/Pods-AppiumTestIos-frameworks-${CONFIGURATION}-output-files.xcfilelist",
			);
			runOnlyForDeploymentPostprocessing = 0;
			shellPath = /bin/sh;
			shellScript = "\"${PODS_ROOT}/Target Support Files/Pods-AppiumTestIos/Pods-AppiumTestIos-frameworks.sh\"\n";
			showEnvVarsInLog = 0;
		};
/* End PBXShellScriptBuildPhase section */

/* Begin PBXSourcesBuildPhase section */
		79475C1224EFB84D008D5AAD /* Sources */ = {
			isa = PBXSourcesBuildPhase;
			buildActionMask = 2147483647;
			files = (
				79475C1E24EFB84D008D5AAD /* ViewController.swift in Sources */,
				79475C1A24EFB84D008D5AAD /* AppDelegate.swift in Sources */,
				79475C1C24EFB84D008D5AAD /* SceneDelegate.swift in Sources */,
			);
			runOnlyForDeploymentPostprocessing = 0;
		};
/* End PBXSourcesBuildPhase section */

/* Begin PBXVariantGroup section */
		79475C1F24EFB84D008D5AAD /* Main.storyboard */ = {
			isa = PBXVariantGroup;
			children = (
				79475C2024EFB84D008D5AAD /* Base */,
			);
			name = Main.storyboard;
			sourceTree = "<group>";
		};
		79475C2424EFB84F008D5AAD /* LaunchScreen.storyboard */ = {
			isa = PBXVariantGroup;
			children = (
				79475C2524EFB84F008D5AAD /* Base */,
			);
			name = LaunchScreen.storyboard;
			sourceTree = "<group>";
		};
/* End PBXVariantGroup section */

/* Begin XCBuildConfiguration section */
		79475C2824EFB84F008D5AAD /* Debug */ = {
			isa = XCBuildConfiguration;
			buildSettings = {
				ALWAYS_SEARCH_USER_PATHS = NO;
				CLANG_ANALYZER_NONNULL = YES;
				CLANG_ANALYZER_NUMBER_OBJECT_CONVERSION = YES_AGGRESSIVE;
				CLANG_CXX_LANGUAGE_STANDARD = "gnu++14";
				CLANG_CXX_LIBRARY = "libc++";
				CLANG_ENABLE_MODULES = YES;
				CLANG_ENABLE_OBJC_ARC = YES;
				CLANG_ENABLE_OBJC_WEAK = YES;
				CLANG_WARN_BLOCK_CAPTURE_AUTORELEASING = YES;
				CLANG_WARN_BOOL_CONVERSION = YES;
				CLANG_WARN_COMMA = YES;
				CLANG_WARN_CONSTANT_CONVERSION = YES;
				CLANG_WARN_DEPRECATED_OBJC_IMPLEMENTATIONS = YES;
				CLANG_WARN_DIRECT_OBJC_ISA_USAGE = YES_ERROR;
				CLANG_WARN_DOCUMENTATION_COMMENTS = YES;
				CLANG_WARN_EMPTY_BODY = YES;
				CLANG_WARN_ENUM_CONVERSION = YES;
				CLANG_WARN_INFINITE_RECURSION = YES;
				CLANG_WARN_INT_CONVERSION = YES;
				CLANG_WARN_NON_LITERAL_NULL_CONVERSION = YES;
				CLANG_WARN_OBJC_IMPLICIT_RETAIN_SELF = YES;
				CLANG_WARN_OBJC_LITERAL_CONVERSION = YES;
				CLANG_WARN_OBJC_ROOT_CLASS = YES_ERROR;
				CLANG_WARN_RANGE_LOOP_ANALYSIS = YES;
				CLANG_WARN_STRICT_PROTOTYPES = YES;
				CLANG_WARN_SUSPICIOUS_MOVE = YES;
				CLANG_WARN_UNGUARDED_AVAILABILITY = YES_AGGRESSIVE;
				CLANG_WARN_UNREACHABLE_CODE = YES;
				CLANG_WARN__DUPLICATE_METHOD_MATCH = YES;
				COPY_PHASE_STRIP = NO;
				DEBUG_INFORMATION_FORMAT = dwarf;
				ENABLE_STRICT_OBJC_MSGSEND = YES;
				ENABLE_TESTABILITY = YES;
				GCC_C_LANGUAGE_STANDARD = gnu11;
				GCC_DYNAMIC_NO_PIC = NO;
				GCC_NO_COMMON_BLOCKS = YES;
				GCC_OPTIMIZATION_LEVEL = 0;
				GCC_PREPROCESSOR_DEFINITIONS = (
					"DEBUG=1",
					"$(inherited)",
				);
				GCC_WARN_64_TO_32_BIT_CONVERSION = YES;
				GCC_WARN_ABOUT_RETURN_TYPE = YES_ERROR;
				GCC_WARN_UNDECLARED_SELECTOR = YES;
				GCC_WARN_UNINITIALIZED_AUTOS = YES_AGGRESSIVE;
				GCC_WARN_UNUSED_FUNCTION = YES;
				GCC_WARN_UNUSED_VARIABLE = YES;
				IPHONEOS_DEPLOYMENT_TARGET = 13.6;
				MTL_ENABLE_DEBUG_INFO = INCLUDE_SOURCE;
				MTL_FAST_MATH = YES;
				ONLY_ACTIVE_ARCH = YES;
				SDKROOT = iphoneos;
				SWIFT_ACTIVE_COMPILATION_CONDITIONS = DEBUG;
				SWIFT_OPTIMIZATION_LEVEL = "-Onone";
			};
			name = Debug;
		};
		79475C2924EFB84F008D5AAD /* Release */ = {
			isa = XCBuildConfiguration;
			buildSettings = {
				ALWAYS_SEARCH_USER_PATHS = NO;
				CLANG_ANALYZER_NONNULL = YES;
				CLANG_ANALYZER_NUMBER_OBJECT_CONVERSION = YES_AGGRESSIVE;
				CLANG_CXX_LANGUAGE_STANDARD = "gnu++14";
				CLANG_CXX_LIBRARY = "libc++";
				CLANG_ENABLE_MODULES = YES;
				CLANG_ENABLE_OBJC_ARC = YES;
				CLANG_ENABLE_OBJC_WEAK = YES;
				CLANG_WARN_BLOCK_CAPTURE_AUTORELEASING = YES;
				CLANG_WARN_BOOL_CONVERSION = YES;
				CLANG_WARN_COMMA = YES;
				CLANG_WARN_CONSTANT_CONVERSION = YES;
				CLANG_WARN_DEPRECATED_OBJC_IMPLEMENTATIONS = YES;
				CLANG_WARN_DIRECT_OBJC_ISA_USAGE = YES_ERROR;
				CLANG_WARN_DOCUMENTATION_COMMENTS = YES;
				CLANG_WARN_EMPTY_BODY = YES;
				CLANG_WARN_ENUM_CONVERSION = YES;
				CLANG_WARN_INFINITE_RECURSION = YES;
				CLANG_WARN_INT_CONVERSION = YES;
				CLANG_WARN_NON_LITERAL_NULL_CONVERSION = YES;
				CLANG_WARN_OBJC_IMPLICIT_RETAIN_SELF = YES;
				CLANG_WARN_OBJC_LITERAL_CONVERSION = YES;
				CLANG_WARN_OBJC_ROOT_CLASS = YES_ERROR;
				CLANG_WARN_RANGE_LOOP_ANALYSIS = YES;
				CLANG_WARN_STRICT_PROTOTYPES = YES;
				CLANG_WARN_SUSPICIOUS_MOVE = YES;
				CLANG_WARN_UNGUARDED_AVAILABILITY = YES_AGGRESSIVE;
				CLANG_WARN_UNREACHABLE_CODE = YES;
				CLANG_WARN__DUPLICATE_METHOD_MATCH = YES;
				COPY_PHASE_STRIP = NO;
				DEBUG_INFORMATION_FORMAT = "dwarf-with-dsym";
				ENABLE_NS_ASSERTIONS = NO;
				ENABLE_STRICT_OBJC_MSGSEND = YES;
				GCC_C_LANGUAGE_STANDARD = gnu11;
				GCC_NO_COMMON_BLOCKS = YES;
				GCC_WARN_64_TO_32_BIT_CONVERSION = YES;
				GCC_WARN_ABOUT_RETURN_TYPE = YES_ERROR;
				GCC_WARN_UNDECLARED_SELECTOR = YES;
				GCC_WARN_UNINITIALIZED_AUTOS = YES_AGGRESSIVE;
				GCC_WARN_UNUSED_FUNCTION = YES;
				GCC_WARN_UNUSED_VARIABLE = YES;
				IPHONEOS_DEPLOYMENT_TARGET = 13.6;
				MTL_ENABLE_DEBUG_INFO = NO;
				MTL_FAST_MATH = YES;
				SDKROOT = iphoneos;
				SWIFT_COMPILATION_MODE = wholemodule;
				SWIFT_OPTIMIZATION_LEVEL = "-O";
				VALIDATE_PRODUCT = YES;
			};
			name = Release;
		};
		79475C2B24EFB84F008D5AAD /* Debug */ = {
			isa = XCBuildConfiguration;
			baseConfigurationReference = AA8079116FF4007F3D4BFE13 /* Pods-AppiumTestIos.debug.xcconfig */;
			buildSettings = {
				ASSETCATALOG_COMPILER_APPICON_NAME = AppIcon;
				CODE_SIGN_STYLE = Automatic;
				DEVELOPMENT_TEAM = 4LKWYGQAV4;
				INFOPLIST_FILE = AppiumTestIos/Info.plist;
				LD_RUNPATH_SEARCH_PATHS = (
					"$(inherited)",
					"@executable_path/Frameworks",
				);
				PRODUCT_BUNDLE_IDENTIFIER = applanga.AppiumTestIos;
				PRODUCT_NAME = "$(TARGET_NAME)";
				SWIFT_VERSION = 5.0;
				TARGETED_DEVICE_FAMILY = "1,2";
			};
			name = Debug;
		};
		79475C2C24EFB84F008D5AAD /* Release */ = {
			isa = XCBuildConfiguration;
			baseConfigurationReference = 09800FB0348E37C729C201DE /* Pods-AppiumTestIos.release.xcconfig */;
			buildSettings = {
				ASSETCATALOG_COMPILER_APPICON_NAME = AppIcon;
				CODE_SIGN_STYLE = Automatic;
				DEVELOPMENT_TEAM = 4LKWYGQAV4;
				INFOPLIST_FILE = AppiumTestIos/Info.plist;
				LD_RUNPATH_SEARCH_PATHS = (
					"$(inherited)",
					"@executable_path/Frameworks",
				);
				PRODUCT_BUNDLE_IDENTIFIER = applanga.AppiumTestIos;
				PRODUCT_NAME = "$(TARGET_NAME)";
				SWIFT_VERSION = 5.0;
				TARGETED_DEVICE_FAMILY = "1,2";
			};
			name = Release;
		};
/* End XCBuildConfiguration section */

/* Begin XCConfigurationList section */
		79475C1124EFB84D008D5AAD /* Build configuration list for PBXProject "AppiumTestIos" */ = {
			isa = XCConfigurationList;
			buildConfigurations = (
				79475C2824EFB84F008D5AAD /* Debug */,
				79475C2924EFB84F008D5AAD /* Release */,
			);
			defaultConfigurationIsVisible = 0;
			defaultConfigurationName = Release;
		};
		79475C2A24EFB84F008D5AAD /* Build configuration list for PBXNativeTarget "AppiumTestIos" */ = {
			isa = XCConfigurationList;
			buildConfigurations = (
				79475C2B24EFB84F008D5AAD /* Debug */,
				79475C2C24EFB84F008D5AAD /* Release */,
			);
			defaultConfigurationIsVisible = 0;
			defaultConfigurationName = Release;
		};
/* End XCConfigurationList section */
	};
	rootObject = 79475C0E24EFB84D008D5AAD /* Project object */;
}
